
Microsoft Visual Studio Solution File, Format Version 12.00
# Visual Studio Version 17
VisualStudioVersion = 17.5.33516.290
MinimumVisualStudioVersion = 10.0.40219.1
Project("{FAE04EC0-301F-11D3-BF4B-00C04F79EFBC}") = "ExemploBanco", "ExemploBanco.csproj", "{EA1F29EA-576F-484E-8455-B5F5A707D617}"
EndProject
Global
	GlobalSection(SolutionConfigurationPlatforms) = preSolution
		Debug|Any CPU = Debug|Any CPU
		Release|Any CPU = Release|Any CPU
	EndGlobalSection
	GlobalSection(ProjectConfigurationPlatforms) = postSolution
		{EA1F29EA-576F-484E-8455-B5F5A707D617}.Debug|Any CPU.ActiveCfg = Debug|Any CPU
		{EA1F29EA-576F-484E-8455-B5F5A707D617}.Debug|Any CPU.Build.0 = Debug|Any CPU
		{EA1F29EA-576F-484E-8455-B5F5A707D617}.Release|Any CPU.ActiveCfg = Release|Any CPU
		{EA1F29EA-576F-484E-8455-B5F5A707D617}.Release|Any CPU.Build.0 = Release|Any CPU
	EndGlobalSection
	GlobalSection(SolutionProperties) = preSolution
		HideSolutionNode = FALSE
	EndGlobalSection
	GlobalSection(ExtensibilityGlobals) = postSolution
		SolutionGuid = {45E4D97C-E9EA-4AE2-91DD-29EA193CE7E1}
	EndGlobalSection
EndGlobal
